
Microsoft Visual Studio Solution File, Format Version 12.00
# Visual Studio Version 17
VisualStudioVersion = 17.4.33213.308
MinimumVisualStudioVersion = 10.0.40219.1
Project("{FAE04EC0-301F-11D3-BF4B-00C04F79EFBC}") = "Day 4 Class vs. Instance", "Day 4 Class vs. Instance\Day 4 Class vs. Instance.csproj", "{B6FE56B9-C926-499E-856D-515C24C362BB}"
EndProject
Global
	GlobalSection(SolutionConfigurationPlatforms) = preSolution
		Debug|Any CPU = Debug|Any CPU
		Release|Any CPU = Release|Any CPU
	EndGlobalSection
	GlobalSection(ProjectConfigurationPlatforms) = postSolution
		{B6FE56B9-C926-499E-856D-515C24C362BB}.Debug|Any CPU.ActiveCfg = Debug|Any CPU
		{B6FE56B9-C926-499E-856D-515C24C362BB}.Debug|Any CPU.Build.0 = Debug|Any CPU
		{B6FE56B9-C926-499E-856D-515C24C362BB}.Release|Any CPU.ActiveCfg = Release|Any CPU
		{B6FE56B9-C926-499E-856D-515C24C362BB}.Release|Any CPU.Build.0 = Release|Any CPU
	EndGlobalSection
	GlobalSection(SolutionProperties) = preSolution
		HideSolutionNode = FALSE
	EndGlobalSection
	GlobalSection(ExtensibilityGlobals) = postSolution
		SolutionGuid = {E25EC8DE-B062-4535-A855-233FFD4AF8B5}
	EndGlobalSection
EndGlobal
